on:
 workflow_dispatch:
 schedule:
    - cron: '0 0 * * 1'  # every Monday at 00:00 UTC

jobs:
  setup:
      runs-on: ubuntu-latest
      steps:
        - uses: actions/checkout@v4
  
        - name: Install Nix
          uses: cachix/install-nix-action@v30
          with:
            extra_nix_config: |
              access-tokens = github.com=${{ secrets.GITHUB_TOKEN }}
        - name: Configure Cachix
          uses: cachix/cachix-action@v15
          with:
            name: devenv
        - name: Install devenv
          run: nix profile install nixpkgs#devenv

        - name: Install Copier
          run: nix profile install nixpkgs#copier
        - name: Generate answers.yml
          run: |
              cat <<-EOF > answers.yml
              codeserver: false
              cudaSupport: false
              framework: devenv
              i_know_what_i_am_doing: false
              declarative_python_environment: true
              python_packages: numpy
              python_package_manager: uv
              python_version: "3.11"
              stable: false
              EOF
        - name: Run Copier
          run: copier copy --force --trust --data-file answers.yml . generated/

        - name: Test with devenv
          working-directory: generated
          run: |
            devenv shell "python -c 'import numpy' || EXIT 1"
        - name: Upload devenv.lock
          uses: actions/upload-artifact@v4
          with:
            name: devenv-lock
            path: generated/devenv.lock
          
  commit_flake_lock:
    needs: setup
    runs-on: ubuntu-latest
    steps:
      - uses: actions/checkout@v4

      - name: Download shared devenv lock
        uses: actions/download-artifact@v4
        with:
          name: devenv-lock

      - name: Move devenv.lock
        env:
          BRANCH_NAME: update-devenv-lock-${{ github.run_id }}
        run: |
          mv devenv.lock "templates/devenv/{% if stable %}devenv.lock{% endif %}.jinja"
    
      - name: Create Pull Request
        uses: peter-evans/create-pull-request@v6
        with:
          token: ${{ secrets.GITHUB_TOKEN }}
          commit-message: Update devenv.lock.jinja
          branch: update-devenv-lock-${{ github.run_id }}
          title: Update devenv.lock.jinja
          body: Automated update of devenv.lock.jinja
          base: ${{ github.event.repository.default_branch }}
